<?xml version="1.0" encoding="utf-8"?>
<Project ToolsVersion="4.0" xmlns="http://schemas.microsoft.com/developer/msbuild/2003">
  <ItemGroup>
    <Filter Include="Source Files">
      <UniqueIdentifier>{4FC737F1-C7A5-4376-A066-2A32D752A2FF}</UniqueIdentifier>
      <Extensions>cpp;c;cc;cxx;def;odl;idl;hpj;bat;asm;asmx</Extensions>
    </Filter>
    <Filter Include="Header Files">
      <UniqueIdentifier>{93995380-89BD-4b04-88EB-625FBE52EBFB}</UniqueIdentifier>
      <Extensions>h;hh;hpp;hxx;hm;inl;inc;xsd</Extensions>
    </Filter>
    <Filter Include="Resource Files">
      <UniqueIdentifier>{67DA6AB6-F800-4c08-8B7A-83BB121AAD01}</UniqueIdentifier>
      <Extensions>rc;ico;cur;bmp;dlg;rc2;rct;bin;rgs;gif;jpg;jpeg;jpe;resx;tiff;tif;png;wav;mfcribbon-ms</Extensions>
    </Filter>
    <Filter Include="Resource Files\Effects">
      <UniqueIdentifier>{4644065e-39bf-4191-a7c4-d345a2b11ae6}</UniqueIdentifier>
    </Filter>
  </ItemGroup>
  <ItemGroup>
    <ClCompile Include="Program.cpp">
      <Filter>Source Files</Filter>
    </ClCompile>
    <ClCompile Include="RenderingGame.cpp">
      <Filter>Source Files</Filter>
    </ClCompile>
    <ClCompile Include="TriangleDemo.cpp">
      <Filter>Source Files</Filter>
    </ClCompile>
    <ClCompile Include="ModelDemo.cpp">
      <Filter>Source Files</Filter>
    </ClCompile>
    <ClCompile Include="Mirror.cpp">
      <Filter>Source Files</Filter>
    </ClCompile>
    <ClCompile Include="TreasureChest.cpp">
      <Filter>Source Files</Filter>
    </ClCompile>
    <ClCompile Include="Wall.cpp">
      <Filter>Source Files</Filter>
    </ClCompile>
    <ClCompile Include="Level.cpp">
      <Filter>Source Files</Filter>
    </ClCompile>
    <ClCompile Include="Player.cpp">
      <Filter>Source Files</Filter>
    </ClCompile>
    <ClCompile Include="Rock.cpp">
      <Filter>Source Files</Filter>
    </ClCompile>
    <ClCompile Include="BronzeKey.cpp">
      <Filter>Source Files</Filter>
    </ClCompile>
    <ClCompile Include="Door.cpp">
      <Filter>Source Files</Filter>
    </ClCompile>
    <ClCompile Include="GoldKey.cpp">
      <Filter>Source Files</Filter>
    </ClCompile>
    <ClCompile Include="LightLock.cpp">
      <Filter>Source Files</Filter>
    </ClCompile>
    <ClCompile Include="PlayerAnimation.cpp">
      <Filter>Source Files</Filter>
    </ClCompile>
    <ClCompile Include="ScreenMessage.cpp">
      <Filter>Source Files</Filter>
    </ClCompile>
    <ClCompile Include="Floor.cpp">
      <Filter>Source Files</Filter>
    </ClCompile>
    <ClCompile Include="LightLockDiffuseLight.cpp">
      <Filter>Source Files</Filter>
    </ClCompile>
  </ItemGroup>
  <ItemGroup>
    <ClInclude Include="RenderingGame.h">
      <Filter>Header Files</Filter>
    </ClInclude>
    <ClInclude Include="TriangleDemo.h">
      <Filter>Header Files</Filter>
    </ClInclude>
    <ClInclude Include="ModelDemo.h">
      <Filter>Header Files</Filter>
    </ClInclude>
    <ClInclude Include="Mirror.h">
      <Filter>Header Files</Filter>
    </ClInclude>
    <ClInclude Include="TreasureChest.h">
      <Filter>Header Files</Filter>
    </ClInclude>
    <ClInclude Include="Wall.h">
      <Filter>Header Files</Filter>
    </ClInclude>
    <ClInclude Include="Level.h">
      <Filter>Header Files</Filter>
    </ClInclude>
    <ClInclude Include="Player.h">
      <Filter>Header Files</Filter>
    </ClInclude>
    <ClInclude Include="Rock.h">
      <Filter>Header Files</Filter>
    </ClInclude>
    <ClInclude Include="BronzeKey.h">
      <Filter>Header Files</Filter>
    </ClInclude>
    <ClInclude Include="Door.h">
      <Filter>Header Files</Filter>
    </ClInclude>
    <ClInclude Include="GoldKey.h">
      <Filter>Header Files</Filter>
    </ClInclude>
    <ClInclude Include="LightLock.h">
      <Filter>Header Files</Filter>
    </ClInclude>
    <ClInclude Include="PlayerAnimation.h">
      <Filter>Header Files</Filter>
    </ClInclude>
    <ClInclude Include="ScreenMessage.h">
      <Filter>Header Files</Filter>
    </ClInclude>
    <ClInclude Include="Floor.h">
      <Filter>Header Files</Filter>
    </ClInclude>
    <ClInclude Include="LightLockDiffuseLight.h">
      <Filter>Header Files</Filter>
    </ClInclude>
  </ItemGroup>
  <ItemGroup>
    <FxCompile Include="Content\Effects\BasicEffect.fx">
      <Filter>Resource Files\Effects</Filter>
    </FxCompile>
    <FxCompile Include="Content\Effects\TextureEffect.fx">
      <Filter>Resource Files\Effects</Filter>
    </FxCompile>
    <FxCompile Include="Content\Effects\SkinnedModel.fx">
      <Filter>Resource Files\Effects</Filter>
    </FxCompile>
    <FxCompile Include="Content\Effects\DiffuseLighting.fx">
      <Filter>Resource Files\Effects</Filter>
    </FxCompile>
  </ItemGroup>
</Project>